# Generated by Raz. Do not edit manually.
version = 1

[[package]]
name = "passg_core"
version = "1.0.0"
kind = "static-library"
path = "../package-api-core"
manifest_hash = "e965521a3250186"

[[package]]
name = "passg_private_consumer"
version = "1.0.0"
kind = "executable"
path = "."
manifest_hash = "ed5beff3db274537"

