# Generated by Raz. Do not edit manually.
version = 1

[[package]]
name = "namespace_consumer"
version = "1.0.0"
kind = "executable"
path = "."
manifest_hash = "2ecedfa3cb756a5d"

[[package]]
name = "namespace_left"
version = "1.0.0"
kind = "static-library"
path = "../namespace-left"
manifest_hash = "c3d7e7453aa7b9b8"

[[package]]
name = "namespace_right"
version = "1.0.0"
kind = "static-library"
path = "../namespace-right"
manifest_hash = "2f756c7261c817b1"

