# Generated by Raz. Do not edit manually.
version = 1

[[package]]
name = "passg_consumer"
version = "1.0.0"
kind = "executable"
path = "."
manifest_hash = "2c7e7861f0e15a16"

[[package]]
name = "passg_core"
version = "1.0.0"
kind = "static-library"
path = "../package-api-core"
manifest_hash = "b1f2f5934a4dc725"

[[package]]
name = "passg_facade"
version = "1.0.0"
kind = "static-library"
path = "../package-api-facade"
manifest_hash = "9c3da34aae941ce"

