# Generated by Raz. Do not edit manually.
version = 1

[[package]]
name = "namespace_consumer"
version = "1.0.0"
kind = "executable"
path = "."
manifest_hash = "d9fdabb842bc57de"

[[package]]
name = "namespace_left"
version = "1.0.0"
kind = "static-library"
path = "../namespace-left"
manifest_hash = "4803e91150c6697d"

[[package]]
name = "namespace_right"
version = "1.0.0"
kind = "static-library"
path = "../namespace-right"
manifest_hash = "186d581ded40825a"

